
Microsoft Visual Studio Solution File, Format Version 12.00
# Visual Studio Version 16
VisualStudioVersion = 16.0.30711.63
MinimumVisualStudioVersion = 10.0.40219.1
Project("{FAE04EC0-301F-11D3-BF4B-00C04F79EFBC}") = "WindowsFormsApplication1", "WindowsFormsApplication1\WindowsFormsApplication1.csproj", "{102E4181-7AB8-4139-874E-9264D01619CD}"
EndProject
Project("{54435603-DBB4-11D2-8724-00A0C9A8B90C}") = "Setup1", "Setup1\Setup1.vdproj", "{38ED3F44-C3DB-44A7-AC2E-2DCBECE65353}"
EndProject
Global
	GlobalSection(SolutionConfigurationPlatforms) = preSolution
		Debug|Any CPU = Debug|Any CPU
		Release|Any CPU = Release|Any CPU
	EndGlobalSection
	GlobalSection(ProjectConfigurationPlatforms) = postSolution
		{102E4181-7AB8-4139-874E-9264D01619CD}.Debug|Any CPU.ActiveCfg = Debug|Any CPU
		{102E4181-7AB8-4139-874E-9264D01619CD}.Debug|Any CPU.Build.0 = Debug|Any CPU
		{102E4181-7AB8-4139-874E-9264D01619CD}.Release|Any CPU.ActiveCfg = Release|Any CPU
		{102E4181-7AB8-4139-874E-9264D01619CD}.Release|Any CPU.Build.0 = Release|Any CPU
		{38ED3F44-C3DB-44A7-AC2E-2DCBECE65353}.Debug|Any CPU.ActiveCfg = Debug
		{38ED3F44-C3DB-44A7-AC2E-2DCBECE65353}.Release|Any CPU.ActiveCfg = Release
	EndGlobalSection
	GlobalSection(SolutionProperties) = preSolution
		HideSolutionNode = FALSE
	EndGlobalSection
	GlobalSection(ExtensibilityGlobals) = postSolution
		SolutionGuid = {1938CF31-8E8E-4BC8-97BA-C6999D01F25A}
	EndGlobalSection
EndGlobal
